
Microsoft Visual Studio Solution File, Format Version 12.00
Project("{FAE04EC0-301F-11D3-BF4B-00C04F79EFBC}") = "Ameko", "Ameko\Ameko.csproj", "{C8211913-4F55-4EB0-A8BF-620F806255EC}"
Project("{FAE04EC0-301F-11D3-BF4B-00C04F79EFBC}") = "AssCS", "External\AssCS\AssCS\AssCS.csproj", "{E6E98D15-85E2-4FF5-A0B0-274E0DA63C20}"
EndProject
EndProject
Global
	GlobalSection(SolutionConfigurationPlatforms) = preSolution
		Debug|Any CPU = Debug|Any CPU
		Release|Any CPU = Release|Any CPU
	EndGlobalSection
	GlobalSection(ProjectConfigurationPlatforms) = postSolution
		{E6E98D15-85E2-4FF5-A0B0-274E0DA63C20}.Debug|Any CPU.ActiveCfg = Debug|Any CPU
		{E6E98D15-85E2-4FF5-A0B0-274E0DA63C20}.Debug|Any CPU.Build.0 = Debug|Any CPU
		{E6E98D15-85E2-4FF5-A0B0-274E0DA63C20}.Release|Any CPU.ActiveCfg = Release|Any CPU
		{E6E98D15-85E2-4FF5-A0B0-274E0DA63C20}.Release|Any CPU.Build.0 = Release|Any CPU
		{C8211913-4F55-4EB0-A8BF-620F806255EC}.Debug|Any CPU.ActiveCfg = Debug|Any CPU
		{C8211913-4F55-4EB0-A8BF-620F806255EC}.Debug|Any CPU.Build.0 = Debug|Any CPU
		{C8211913-4F55-4EB0-A8BF-620F806255EC}.Release|Any CPU.ActiveCfg = Release|Any CPU
		{C8211913-4F55-4EB0-A8BF-620F806255EC}.Release|Any CPU.Build.0 = Release|Any CPU
	EndGlobalSection
EndGlobal
